
Microsoft Visual Studio Solution File, Format Version 12.00
# Visual Studio Version 16
VisualStudioVersion = 16.0.32228.343
MinimumVisualStudioVersion = 10.0.40219.1
Project("{9A19103F-16F7-4668-BE54-9A1E7A4F7556}") = "GrpcGreeter", "GrpcGreeter\GrpcGreeter.csproj", "{CC0B818D-C30A-472F-BF40-38497B638CB3}"
EndProject
Project("{9A19103F-16F7-4668-BE54-9A1E7A4F7556}") = "GrpcClient", "GrpcClient\GrpcClient.csproj", "{4CEAE76A-2742-43DF-BA6C-4B3DC8A8C4A6}"
EndProject
Global
	GlobalSection(SolutionConfigurationPlatforms) = preSolution
		Debug|Any CPU = Debug|Any CPU
		Release|Any CPU = Release|Any CPU
	EndGlobalSection
	GlobalSection(ProjectConfigurationPlatforms) = postSolution
		{CC0B818D-C30A-472F-BF40-38497B638CB3}.Debug|Any CPU.ActiveCfg = Debug|Any CPU
		{CC0B818D-C30A-472F-BF40-38497B638CB3}.Debug|Any CPU.Build.0 = Debug|Any CPU
		{CC0B818D-C30A-472F-BF40-38497B638CB3}.Release|Any CPU.ActiveCfg = Release|Any CPU
		{CC0B818D-C30A-472F-BF40-38497B638CB3}.Release|Any CPU.Build.0 = Release|Any CPU
		{4CEAE76A-2742-43DF-BA6C-4B3DC8A8C4A6}.Debug|Any CPU.ActiveCfg = Debug|Any CPU
		{4CEAE76A-2742-43DF-BA6C-4B3DC8A8C4A6}.Debug|Any CPU.Build.0 = Debug|Any CPU
		{4CEAE76A-2742-43DF-BA6C-4B3DC8A8C4A6}.Release|Any CPU.ActiveCfg = Release|Any CPU
		{4CEAE76A-2742-43DF-BA6C-4B3DC8A8C4A6}.Release|Any CPU.Build.0 = Release|Any CPU
	EndGlobalSection
	GlobalSection(SolutionProperties) = preSolution
		HideSolutionNode = FALSE
	EndGlobalSection
	GlobalSection(ExtensibilityGlobals) = postSolution
		SolutionGuid = {9FDDB67C-D034-424D-9DC3-D0518F9F7DE8}
	EndGlobalSection
EndGlobal
