
Microsoft Visual Studio Solution File, Format Version 12.00
# Visual Studio Version 16
VisualStudioVersion = 16.0.32228.343
MinimumVisualStudioVersion = 10.0.40219.1
Project("{FAE04EC0-301F-11D3-BF4B-00C04F79EFBC}") = "MyWebService", "MyWebService\MyWebService.csproj", "{2683F889-4DE3-4240-93EA-0189892407DE}"
EndProject
Project("{FAE04EC0-301F-11D3-BF4B-00C04F79EFBC}") = "Client", "Client\Client.csproj", "{D19C8403-0427-4594-BB16-824E5ED69570}"
EndProject
Global
	GlobalSection(SolutionConfigurationPlatforms) = preSolution
		Debug|Any CPU = Debug|Any CPU
		Release|Any CPU = Release|Any CPU
	EndGlobalSection
	GlobalSection(ProjectConfigurationPlatforms) = postSolution
		{2683F889-4DE3-4240-93EA-0189892407DE}.Debug|Any CPU.ActiveCfg = Debug|Any CPU
		{2683F889-4DE3-4240-93EA-0189892407DE}.Debug|Any CPU.Build.0 = Debug|Any CPU
		{2683F889-4DE3-4240-93EA-0189892407DE}.Release|Any CPU.ActiveCfg = Release|Any CPU
		{2683F889-4DE3-4240-93EA-0189892407DE}.Release|Any CPU.Build.0 = Release|Any CPU
		{D19C8403-0427-4594-BB16-824E5ED69570}.Debug|Any CPU.ActiveCfg = Debug|Any CPU
		{D19C8403-0427-4594-BB16-824E5ED69570}.Debug|Any CPU.Build.0 = Debug|Any CPU
		{D19C8403-0427-4594-BB16-824E5ED69570}.Release|Any CPU.ActiveCfg = Release|Any CPU
		{D19C8403-0427-4594-BB16-824E5ED69570}.Release|Any CPU.Build.0 = Release|Any CPU
	EndGlobalSection
	GlobalSection(SolutionProperties) = preSolution
		HideSolutionNode = FALSE
	EndGlobalSection
	GlobalSection(ExtensibilityGlobals) = postSolution
		SolutionGuid = {83DA4FE0-27EB-4CC3-B2AE-5C401838E6B7}
	EndGlobalSection
EndGlobal
