
Microsoft Visual Studio Solution File, Format Version 12.00
# Visual Studio Version 17
VisualStudioVersion = 17.1.32421.90
MinimumVisualStudioVersion = 10.0.40219.1
Project("{FAE04EC0-301F-11D3-BF4B-00C04F79EFBC}") = "WCFServiceHost", "WCFServiceHost\WCFServiceHost.csproj", "{C9C9BE45-A935-4036-A3E8-AD450374121F}"
EndProject
Project("{FAE04EC0-301F-11D3-BF4B-00C04F79EFBC}") = "WCFServiceLibrary", "WCFServiceLibrary\WCFServiceLibrary.csproj", "{826EDE6D-87B0-4AEE-B309-81A321BE1084}"
EndProject
Project("{FAE04EC0-301F-11D3-BF4B-00C04F79EFBC}") = "ClientProxy", "ClientProxy\ClientProxy.csproj", "{AD3D0BD9-D5DD-416C-A0B3-112461CF1A41}"
EndProject
Global
	GlobalSection(SolutionConfigurationPlatforms) = preSolution
		Debug|Any CPU = Debug|Any CPU
		Release|Any CPU = Release|Any CPU
	EndGlobalSection
	GlobalSection(ProjectConfigurationPlatforms) = postSolution
		{C9C9BE45-A935-4036-A3E8-AD450374121F}.Debug|Any CPU.ActiveCfg = Debug|Any CPU
		{C9C9BE45-A935-4036-A3E8-AD450374121F}.Debug|Any CPU.Build.0 = Debug|Any CPU
		{C9C9BE45-A935-4036-A3E8-AD450374121F}.Release|Any CPU.ActiveCfg = Release|Any CPU
		{C9C9BE45-A935-4036-A3E8-AD450374121F}.Release|Any CPU.Build.0 = Release|Any CPU
		{826EDE6D-87B0-4AEE-B309-81A321BE1084}.Debug|Any CPU.ActiveCfg = Debug|Any CPU
		{826EDE6D-87B0-4AEE-B309-81A321BE1084}.Debug|Any CPU.Build.0 = Debug|Any CPU
		{826EDE6D-87B0-4AEE-B309-81A321BE1084}.Release|Any CPU.ActiveCfg = Release|Any CPU
		{826EDE6D-87B0-4AEE-B309-81A321BE1084}.Release|Any CPU.Build.0 = Release|Any CPU
		{AD3D0BD9-D5DD-416C-A0B3-112461CF1A41}.Debug|Any CPU.ActiveCfg = Debug|Any CPU
		{AD3D0BD9-D5DD-416C-A0B3-112461CF1A41}.Debug|Any CPU.Build.0 = Debug|Any CPU
		{AD3D0BD9-D5DD-416C-A0B3-112461CF1A41}.Release|Any CPU.ActiveCfg = Release|Any CPU
		{AD3D0BD9-D5DD-416C-A0B3-112461CF1A41}.Release|Any CPU.Build.0 = Release|Any CPU
	EndGlobalSection
	GlobalSection(SolutionProperties) = preSolution
		HideSolutionNode = FALSE
	EndGlobalSection
	GlobalSection(ExtensibilityGlobals) = postSolution
		SolutionGuid = {BB99B919-545D-4544-A2FC-22250DF941D2}
	EndGlobalSection
EndGlobal
